
Microsoft Visual Studio Solution File, Format Version 12.00
# Visual Studio Version 16
VisualStudioVersion = 16.0.30907.101
MinimumVisualStudioVersion = 10.0.40219.1
Project("{9A19103F-16F7-4668-BE54-9A1E7A4F7556}") = "VermessungsBüroApp", "VermessungsBüroApp\VermessungsBüroApp.csproj", "{2670BF62-D137-44FC-B914-61F44ED96F0B}"
EndProject
Project("{FAE04EC0-301F-11D3-BF4B-00C04F79EFBC}") = "VermessungsBueroAppTests", "VermessungsBueroAppTests\VermessungsBueroAppTests.csproj", "{5375CA34-D17C-4C02-AAC7-603949206E13}"
EndProject
Global
	GlobalSection(SolutionConfigurationPlatforms) = preSolution
		Debug|Any CPU = Debug|Any CPU
		Release|Any CPU = Release|Any CPU
	EndGlobalSection
	GlobalSection(ProjectConfigurationPlatforms) = postSolution
		{2670BF62-D137-44FC-B914-61F44ED96F0B}.Debug|Any CPU.ActiveCfg = Debug|Any CPU
		{2670BF62-D137-44FC-B914-61F44ED96F0B}.Debug|Any CPU.Build.0 = Debug|Any CPU
		{2670BF62-D137-44FC-B914-61F44ED96F0B}.Release|Any CPU.ActiveCfg = Release|Any CPU
		{2670BF62-D137-44FC-B914-61F44ED96F0B}.Release|Any CPU.Build.0 = Release|Any CPU
		{5375CA34-D17C-4C02-AAC7-603949206E13}.Debug|Any CPU.ActiveCfg = Debug|Any CPU
		{5375CA34-D17C-4C02-AAC7-603949206E13}.Debug|Any CPU.Build.0 = Debug|Any CPU
		{5375CA34-D17C-4C02-AAC7-603949206E13}.Release|Any CPU.ActiveCfg = Release|Any CPU
		{5375CA34-D17C-4C02-AAC7-603949206E13}.Release|Any CPU.Build.0 = Release|Any CPU
	EndGlobalSection
	GlobalSection(SolutionProperties) = preSolution
		HideSolutionNode = FALSE
	EndGlobalSection
	GlobalSection(ExtensibilityGlobals) = postSolution
		SolutionGuid = {00DB8E78-9172-42C1-AD09-2461D2801C74}
	EndGlobalSection
EndGlobal
